
Microsoft Visual Studio Solution File, Format Version 12.00
# Visual Studio Version 17
VisualStudioVersion = 17.5.002.0
MinimumVisualStudioVersion = 10.0.40219.1
Project("{9A19103F-16F7-4668-BE54-9A1E7A4F7556}") = "func", "func.csproj", "{C4A9595F-2ADF-4B09-8084-4BBB92963C0C}"
EndProject
Global
	GlobalSection(SolutionConfigurationPlatforms) = preSolution
		Debug|Any CPU = Debug|Any CPU
		Release|Any CPU = Release|Any CPU
	EndGlobalSection
	GlobalSection(ProjectConfigurationPlatforms) = postSolution
		{C4A9595F-2ADF-4B09-8084-4BBB92963C0C}.Debug|Any CPU.ActiveCfg = Debug|Any CPU
		{C4A9595F-2ADF-4B09-8084-4BBB92963C0C}.Debug|Any CPU.Build.0 = Debug|Any CPU
		{C4A9595F-2ADF-4B09-8084-4BBB92963C0C}.Release|Any CPU.ActiveCfg = Release|Any CPU
		{C4A9595F-2ADF-4B09-8084-4BBB92963C0C}.Release|Any CPU.Build.0 = Release|Any CPU
	EndGlobalSection
	GlobalSection(SolutionProperties) = preSolution
		HideSolutionNode = FALSE
	EndGlobalSection
	GlobalSection(ExtensibilityGlobals) = postSolution
		SolutionGuid = {CD1EEE59-9FAB-4E88-AA06-3B36F8CC0FAD}
	EndGlobalSection
EndGlobal
